
Microsoft Visual Studio Solution File, Format Version 12.00
# Visual Studio Version 17
VisualStudioVersion = 17.1.32319.34
MinimumVisualStudioVersion = 10.0.40219.1
Project("{FAE04EC0-301F-11D3-BF4B-00C04F79EFBC}") = "SelectHelper", "SelectHelper\SelectHelper.csproj", "{09A98638-DC2E-4005-8CAE-5D3BE290AA2D}"
EndProject
Global
	GlobalSection(SolutionConfigurationPlatforms) = preSolution
		Debug|Any CPU = Debug|Any CPU
		Debug|x64 = Debug|x64
		Release|Any CPU = Release|Any CPU
		Release|x64 = Release|x64
	EndGlobalSection
	GlobalSection(ProjectConfigurationPlatforms) = postSolution
		{09A98638-DC2E-4005-8CAE-5D3BE290AA2D}.Debug|Any CPU.ActiveCfg = Debug|Any CPU
		{09A98638-DC2E-4005-8CAE-5D3BE290AA2D}.Debug|Any CPU.Build.0 = Debug|Any CPU
		{09A98638-DC2E-4005-8CAE-5D3BE290AA2D}.Debug|x64.ActiveCfg = Debug|x64
		{09A98638-DC2E-4005-8CAE-5D3BE290AA2D}.Debug|x64.Build.0 = Debug|x64
		{09A98638-DC2E-4005-8CAE-5D3BE290AA2D}.Release|Any CPU.ActiveCfg = Release|Any CPU
		{09A98638-DC2E-4005-8CAE-5D3BE290AA2D}.Release|Any CPU.Build.0 = Release|Any CPU
		{09A98638-DC2E-4005-8CAE-5D3BE290AA2D}.Release|x64.ActiveCfg = Release|x64
		{09A98638-DC2E-4005-8CAE-5D3BE290AA2D}.Release|x64.Build.0 = Release|x64
	EndGlobalSection
	GlobalSection(SolutionProperties) = preSolution
		HideSolutionNode = FALSE
	EndGlobalSection
	GlobalSection(ExtensibilityGlobals) = postSolution
		SolutionGuid = {A4717643-FAD4-4A91-A0B8-D13CB5B56B25}
	EndGlobalSection
EndGlobal
